
Microsoft Visual Studio Solution File, Format Version 12.00
# Visual Studio Version 17
VisualStudioVersion = 17.10.35201.131
MinimumVisualStudioVersion = 10.0.40219.1
Project("{9A19103F-16F7-4668-BE54-9A1E7A4F7556}") = "FAO InFARM Interpreter Interface", "FAO InFARM Interpreter Interface\FAO InFARM Interpreter Interface.csproj", "{C9C28BEB-8300-4A0B-9352-D59547120FA2}"
EndProject
Project("{9A19103F-16F7-4668-BE54-9A1E7A4F7556}") = "Interpretation Engine", "..\AMR_InterpretationEngine\Interpretation Engine\Interpretation Engine.csproj", "{4B232743-43A9-4182-8B5B-F1D3EA86787A}"
EndProject
Project("{9A19103F-16F7-4668-BE54-9A1E7A4F7556}") = "FAO InFARM Library", "FAO InFARM Library\FAO InFARM Library.csproj", "{1826C47B-F943-4176-A08C-269CD3B97E19}"
EndProject
Project("{B7DD6F7E-DEF8-4E67-B5B7-07EF123DB6F0}") = "WiX Installer", "WiX Installer\WiX Installer.wixproj", "{C04A9B3D-41E9-4FB3-94F5-099A746A4892}"
EndProject
Global
	GlobalSection(SolutionConfigurationPlatforms) = preSolution
		Debug|Any CPU = Debug|Any CPU
		Debug|ARM64 = Debug|ARM64
		Debug|x64 = Debug|x64
		Debug|x86 = Debug|x86
		Release|Any CPU = Release|Any CPU
		Release|ARM64 = Release|ARM64
		Release|x64 = Release|x64
		Release|x86 = Release|x86
	EndGlobalSection
	GlobalSection(ProjectConfigurationPlatforms) = postSolution
		{C9C28BEB-8300-4A0B-9352-D59547120FA2}.Debug|Any CPU.ActiveCfg = Debug|Any CPU
		{C9C28BEB-8300-4A0B-9352-D59547120FA2}.Debug|Any CPU.Build.0 = Debug|Any CPU
		{C9C28BEB-8300-4A0B-9352-D59547120FA2}.Debug|ARM64.ActiveCfg = Debug|Any CPU
		{C9C28BEB-8300-4A0B-9352-D59547120FA2}.Debug|ARM64.Build.0 = Debug|Any CPU
		{C9C28BEB-8300-4A0B-9352-D59547120FA2}.Debug|x64.ActiveCfg = Debug|Any CPU
		{C9C28BEB-8300-4A0B-9352-D59547120FA2}.Debug|x64.Build.0 = Debug|Any CPU
		{C9C28BEB-8300-4A0B-9352-D59547120FA2}.Debug|x86.ActiveCfg = Debug|Any CPU
		{C9C28BEB-8300-4A0B-9352-D59547120FA2}.Debug|x86.Build.0 = Debug|Any CPU
		{C9C28BEB-8300-4A0B-9352-D59547120FA2}.Release|Any CPU.ActiveCfg = Release|Any CPU
		{C9C28BEB-8300-4A0B-9352-D59547120FA2}.Release|Any CPU.Build.0 = Release|Any CPU
		{C9C28BEB-8300-4A0B-9352-D59547120FA2}.Release|ARM64.ActiveCfg = Release|Any CPU
		{C9C28BEB-8300-4A0B-9352-D59547120FA2}.Release|ARM64.Build.0 = Release|Any CPU
		{C9C28BEB-8300-4A0B-9352-D59547120FA2}.Release|x64.ActiveCfg = Release|Any CPU
		{C9C28BEB-8300-4A0B-9352-D59547120FA2}.Release|x64.Build.0 = Release|Any CPU
		{C9C28BEB-8300-4A0B-9352-D59547120FA2}.Release|x86.ActiveCfg = Release|Any CPU
		{C9C28BEB-8300-4A0B-9352-D59547120FA2}.Release|x86.Build.0 = Release|Any CPU
		{4B232743-43A9-4182-8B5B-F1D3EA86787A}.Debug|Any CPU.ActiveCfg = Debug|Any CPU
		{4B232743-43A9-4182-8B5B-F1D3EA86787A}.Debug|Any CPU.Build.0 = Debug|Any CPU
		{4B232743-43A9-4182-8B5B-F1D3EA86787A}.Debug|ARM64.ActiveCfg = Debug|Any CPU
		{4B232743-43A9-4182-8B5B-F1D3EA86787A}.Debug|ARM64.Build.0 = Debug|Any CPU
		{4B232743-43A9-4182-8B5B-F1D3EA86787A}.Debug|x64.ActiveCfg = Debug|Any CPU
		{4B232743-43A9-4182-8B5B-F1D3EA86787A}.Debug|x64.Build.0 = Debug|Any CPU
		{4B232743-43A9-4182-8B5B-F1D3EA86787A}.Debug|x86.ActiveCfg = Debug|Any CPU
		{4B232743-43A9-4182-8B5B-F1D3EA86787A}.Debug|x86.Build.0 = Debug|Any CPU
		{4B232743-43A9-4182-8B5B-F1D3EA86787A}.Release|Any CPU.ActiveCfg = Release|Any CPU
		{4B232743-43A9-4182-8B5B-F1D3EA86787A}.Release|Any CPU.Build.0 = Release|Any CPU
		{4B232743-43A9-4182-8B5B-F1D3EA86787A}.Release|ARM64.ActiveCfg = Release|Any CPU
		{4B232743-43A9-4182-8B5B-F1D3EA86787A}.Release|ARM64.Build.0 = Release|Any CPU
		{4B232743-43A9-4182-8B5B-F1D3EA86787A}.Release|x64.ActiveCfg = Release|Any CPU
		{4B232743-43A9-4182-8B5B-F1D3EA86787A}.Release|x64.Build.0 = Release|Any CPU
		{4B232743-43A9-4182-8B5B-F1D3EA86787A}.Release|x86.ActiveCfg = Release|Any CPU
		{4B232743-43A9-4182-8B5B-F1D3EA86787A}.Release|x86.Build.0 = Release|Any CPU
		{1826C47B-F943-4176-A08C-269CD3B97E19}.Debug|Any CPU.ActiveCfg = Debug|Any CPU
		{1826C47B-F943-4176-A08C-269CD3B97E19}.Debug|Any CPU.Build.0 = Debug|Any CPU
		{1826C47B-F943-4176-A08C-269CD3B97E19}.Debug|ARM64.ActiveCfg = Debug|Any CPU
		{1826C47B-F943-4176-A08C-269CD3B97E19}.Debug|ARM64.Build.0 = Debug|Any CPU
		{1826C47B-F943-4176-A08C-269CD3B97E19}.Debug|x64.ActiveCfg = Debug|Any CPU
		{1826C47B-F943-4176-A08C-269CD3B97E19}.Debug|x64.Build.0 = Debug|Any CPU
		{1826C47B-F943-4176-A08C-269CD3B97E19}.Debug|x86.ActiveCfg = Debug|Any CPU
		{1826C47B-F943-4176-A08C-269CD3B97E19}.Debug|x86.Build.0 = Debug|Any CPU
		{1826C47B-F943-4176-A08C-269CD3B97E19}.Release|Any CPU.ActiveCfg = Release|Any CPU
		{1826C47B-F943-4176-A08C-269CD3B97E19}.Release|Any CPU.Build.0 = Release|Any CPU
		{1826C47B-F943-4176-A08C-269CD3B97E19}.Release|ARM64.ActiveCfg = Release|Any CPU
		{1826C47B-F943-4176-A08C-269CD3B97E19}.Release|ARM64.Build.0 = Release|Any CPU
		{1826C47B-F943-4176-A08C-269CD3B97E19}.Release|x64.ActiveCfg = Release|Any CPU
		{1826C47B-F943-4176-A08C-269CD3B97E19}.Release|x64.Build.0 = Release|Any CPU
		{1826C47B-F943-4176-A08C-269CD3B97E19}.Release|x86.ActiveCfg = Release|Any CPU
		{1826C47B-F943-4176-A08C-269CD3B97E19}.Release|x86.Build.0 = Release|Any CPU
		{C04A9B3D-41E9-4FB3-94F5-099A746A4892}.Debug|Any CPU.ActiveCfg = Debug|x64
		{C04A9B3D-41E9-4FB3-94F5-099A746A4892}.Debug|Any CPU.Build.0 = Debug|x64
		{C04A9B3D-41E9-4FB3-94F5-099A746A4892}.Debug|ARM64.ActiveCfg = Debug|ARM64
		{C04A9B3D-41E9-4FB3-94F5-099A746A4892}.Debug|ARM64.Build.0 = Debug|ARM64
		{C04A9B3D-41E9-4FB3-94F5-099A746A4892}.Debug|x64.ActiveCfg = Debug|x64
		{C04A9B3D-41E9-4FB3-94F5-099A746A4892}.Debug|x64.Build.0 = Debug|x64
		{C04A9B3D-41E9-4FB3-94F5-099A746A4892}.Debug|x86.ActiveCfg = Debug|x86
		{C04A9B3D-41E9-4FB3-94F5-099A746A4892}.Debug|x86.Build.0 = Debug|x86
		{C04A9B3D-41E9-4FB3-94F5-099A746A4892}.Release|Any CPU.ActiveCfg = Release|x86
		{C04A9B3D-41E9-4FB3-94F5-099A746A4892}.Release|Any CPU.Build.0 = Release|x86
		{C04A9B3D-41E9-4FB3-94F5-099A746A4892}.Release|ARM64.ActiveCfg = Release|ARM64
		{C04A9B3D-41E9-4FB3-94F5-099A746A4892}.Release|ARM64.Build.0 = Release|ARM64
		{C04A9B3D-41E9-4FB3-94F5-099A746A4892}.Release|x64.ActiveCfg = Release|x64
		{C04A9B3D-41E9-4FB3-94F5-099A746A4892}.Release|x64.Build.0 = Release|x64
		{C04A9B3D-41E9-4FB3-94F5-099A746A4892}.Release|x86.ActiveCfg = Release|x86
		{C04A9B3D-41E9-4FB3-94F5-099A746A4892}.Release|x86.Build.0 = Release|x86
	EndGlobalSection
	GlobalSection(SolutionProperties) = preSolution
		HideSolutionNode = FALSE
	EndGlobalSection
	GlobalSection(ExtensibilityGlobals) = postSolution
		SolutionGuid = {DBA6EA84-4C24-4E46-BF96-2A643A62AAE4}
	EndGlobalSection
EndGlobal
