
Microsoft Visual Studio Solution File, Format Version 12.00
# Visual Studio Version 17
VisualStudioVersion = 17.10.35201.131
MinimumVisualStudioVersion = 10.0.40219.1
Project("{9A19103F-16F7-4668-BE54-9A1E7A4F7556}") = "FAO InFARM Interpreter Interface", "FAO InFARM Interpreter Interface\FAO InFARM Interpreter Interface.csproj", "{C9C28BEB-8300-4A0B-9352-D59547120FA2}"
EndProject
Project("{9A19103F-16F7-4668-BE54-9A1E7A4F7556}") = "Interpretation Engine", "..\AMR_InterpretationEngine\Interpretation Engine\Interpretation Engine.csproj", "{4B232743-43A9-4182-8B5B-F1D3EA86787A}"
EndProject
Global
	GlobalSection(SolutionConfigurationPlatforms) = preSolution
		Debug|Any CPU = Debug|Any CPU
		Release|Any CPU = Release|Any CPU
	EndGlobalSection
	GlobalSection(ProjectConfigurationPlatforms) = postSolution
		{C9C28BEB-8300-4A0B-9352-D59547120FA2}.Debug|Any CPU.ActiveCfg = Debug|Any CPU
		{C9C28BEB-8300-4A0B-9352-D59547120FA2}.Debug|Any CPU.Build.0 = Debug|Any CPU
		{C9C28BEB-8300-4A0B-9352-D59547120FA2}.Release|Any CPU.ActiveCfg = Release|Any CPU
		{C9C28BEB-8300-4A0B-9352-D59547120FA2}.Release|Any CPU.Build.0 = Release|Any CPU
		{4B232743-43A9-4182-8B5B-F1D3EA86787A}.Debug|Any CPU.ActiveCfg = Debug|Any CPU
		{4B232743-43A9-4182-8B5B-F1D3EA86787A}.Debug|Any CPU.Build.0 = Debug|Any CPU
		{4B232743-43A9-4182-8B5B-F1D3EA86787A}.Release|Any CPU.ActiveCfg = Release|Any CPU
		{4B232743-43A9-4182-8B5B-F1D3EA86787A}.Release|Any CPU.Build.0 = Release|Any CPU
	EndGlobalSection
	GlobalSection(SolutionProperties) = preSolution
		HideSolutionNode = FALSE
	EndGlobalSection
	GlobalSection(ExtensibilityGlobals) = postSolution
		SolutionGuid = {DBA6EA84-4C24-4E46-BF96-2A643A62AAE4}
	EndGlobalSection
EndGlobal
